// !$*UTF8*$!
{
	archiveVersion = 1;
	classes = {
	};
	objectVersion = 52;
	objects = {

/* Begin PBXBuildFile section */
		14A5CC99A4DC613903BB13E5 /* Pods_PianoFly.framework in Frameworks */ = {isa = PBXBuildFile; fileRef = 13FDF385726747C0AEA868C3 /* Pods_PianoFly.framework */; };
		4B0A816A269AAA11001B11E2 /* FormView.swift in Sources */ = {isa = PBXBuildFile; fileRef = 4B0A8169269AAA11001B11E2 /* FormView.swift */; };
		4B29FC1526941E8D0026B1D5 /* HomeView.swift in Sources */ = {isa = PBXBuildFile; fileRef = 4B29FC1426941E8D0026B1D5 /* HomeView.swift */; };
		4B29FC1826941EC70026B1D5 /* PieceModel.swift in Sources */ = {isa = PBXBuildFile; fileRef = 4B29FC1726941EC70026B1D5 /* PieceModel.swift */; };
		4B29FC1A26941FCB0026B1D5 /* TopBarView.swift in Sources */ = {isa = PBXBuildFile; fileRef = 4B29FC1926941FCB0026B1D5 /* TopBarView.swift */; };
		4B29FC1C26941FFC0026B1D5 /* PieceBreakdownView.swift in Sources */ = {isa = PBXBuildFile; fileRef = 4B29FC1B26941FFC0026B1D5 /* PieceBreakdownView.swift */; };
		4B3FCD5F268C2CA6006FF7BB /* NewPieceView.swift in Sources */ = {isa = PBXBuildFile; fileRef = 4B3FCD5E268C2CA6006FF7BB /* NewPieceView.swift */; };
		4B41F4F026926DA8006A963C /* TabView.swift in Sources */ = {isa = PBXBuildFile; fileRef = 4B41F4EF26926DA8006A963C /* TabView.swift */; };
		4B4DF34C26843F57000642C3 /* FirebaseViewModel.swift in Sources */ = {isa = PBXBuildFile; fileRef = 4B4DF34B26843F57000642C3 /* FirebaseViewModel.swift */; };
		4B889721269B80DF000A4B82 /* UserPiece.swift in Sources */ = {isa = PBXBuildFile; fileRef = 4B889720269B80DF000A4B82 /* UserPiece.swift */; };
		4B889723269C0E9D000A4B82 /* PieceSelectionView.swift in Sources */ = {isa = PBXBuildFile; fileRef = 4B889722269C0E9D000A4B82 /* PieceSelectionView.swift */; };
		4B89C93926955E76007E722B /* PieceView.swift in Sources */ = {isa = PBXBuildFile; fileRef = 4B89C93826955E76007E722B /* PieceView.swift */; };
		4BA7C5A826BE37FF00CBE4F9 /* TopFloaterView.swift in Sources */ = {isa = PBXBuildFile; fileRef = 4BA7C5A726BE37FF00CBE4F9 /* TopFloaterView.swift */; };
		4BCBF68B26B46011009263AD /* DeletedPiece.swift in Sources */ = {isa = PBXBuildFile; fileRef = 4BCBF68A26B46011009263AD /* DeletedPiece.swift */; };
		4BDEA4D526B73DEC00FA2A88 /* SettingsView.swift in Sources */ = {isa = PBXBuildFile; fileRef = 4BDEA4D426B73DEC00FA2A88 /* SettingsView.swift */; };
		4BDEA4D726B73E2300FA2A88 /* SettingsLabelView.swift in Sources */ = {isa = PBXBuildFile; fileRef = 4BDEA4D626B73E2300FA2A88 /* SettingsLabelView.swift */; };
		4BDEA4D926B73F1E00FA2A88 /* SettingsRowView.swift in Sources */ = {isa = PBXBuildFile; fileRef = 4BDEA4D826B73F1E00FA2A88 /* SettingsRowView.swift */; };
		4BE8B72626B47416005F9AF2 /* ForgetPassword.swift in Sources */ = {isa = PBXBuildFile; fileRef = 4BE8B72526B47416005F9AF2 /* ForgetPassword.swift */; };
		4BE8B72926B4798C005F9AF2 /* SSToastMessage in Frameworks */ = {isa = PBXBuildFile; productRef = 4BE8B72826B4798C005F9AF2 /* SSToastMessage */; };
		4BF8D7CB268AEBFB00E8799A /* CustomActionSheet.swift in Sources */ = {isa = PBXBuildFile; fileRef = 4BF8D7CA268AEBFB00E8799A /* CustomActionSheet.swift */; };
		4BF8D7CE268AEE1600E8799A /* BottomSheet in Frameworks */ = {isa = PBXBuildFile; productRef = 4BF8D7CD268AEE1600E8799A /* BottomSheet */; };
		6513FC57263239570094A6C2 /* PracticeModel.swift in Sources */ = {isa = PBXBuildFile; fileRef = 6513FC56263239570094A6C2 /* PracticeModel.swift */; };
		6514C8CF2633E1CB007737D9 /* BarChart.swift in Sources */ = {isa = PBXBuildFile; fileRef = 6514C8CE2633E1CB007737D9 /* BarChart.swift */; };
		6528D118262E033D002C13E4 /* AppDelegate.swift in Sources */ = {isa = PBXBuildFile; fileRef = 6528D117262E033D002C13E4 /* AppDelegate.swift */; };
		6528D11A262E033D002C13E4 /* SceneDelegate.swift in Sources */ = {isa = PBXBuildFile; fileRef = 6528D119262E033D002C13E4 /* SceneDelegate.swift */; };
		6528D11C262E033D002C13E4 /* ContentView.swift in Sources */ = {isa = PBXBuildFile; fileRef = 6528D11B262E033D002C13E4 /* ContentView.swift */; };
		6528D11E262E033E002C13E4 /* Assets.xcassets in Resources */ = {isa = PBXBuildFile; fileRef = 6528D11D262E033E002C13E4 /* Assets.xcassets */; };
		6528D121262E033E002C13E4 /* Preview Assets.xcassets in Resources */ = {isa = PBXBuildFile; fileRef = 6528D120262E033E002C13E4 /* Preview Assets.xcassets */; };
		6528D124262E033E002C13E4 /* LaunchScreen.storyboard in Resources */ = {isa = PBXBuildFile; fileRef = 6528D122262E033E002C13E4 /* LaunchScreen.storyboard */; };
		6528D132262E0596002C13E4 /* CustomTabs.swift in Sources */ = {isa = PBXBuildFile; fileRef = 6528D131262E0596002C13E4 /* CustomTabs.swift */; };
		6528D147262E3999002C13E4 /* PracticeLogView.swift in Sources */ = {isa = PBXBuildFile; fileRef = 6528D146262E3999002C13E4 /* PracticeLogView.swift */; };
		654020E12672BE5100CDE8FD /* SignInWithApple.swift in Sources */ = {isa = PBXBuildFile; fileRef = 654020E02672BE5100CDE8FD /* SignInWithApple.swift */; };
		654020E32672BF2A00CDE8FD /* AuthService.swift in Sources */ = {isa = PBXBuildFile; fileRef = 654020E22672BF2A00CDE8FD /* AuthService.swift */; };
		654020E62672E8EA00CDE8FD /* OnboardingView.swift in Sources */ = {isa = PBXBuildFile; fileRef = 654020E52672E8EA00CDE8FD /* OnboardingView.swift */; };
		654020E826730F9000CDE8FD /* Extensions.swift in Sources */ = {isa = PBXBuildFile; fileRef = 654020E726730F9000CDE8FD /* Extensions.swift */; };
		657043E8267285E8004D6005 /* SignInWithEmail.swift in Sources */ = {isa = PBXBuildFile; fileRef = 657043E7267285E8004D6005 /* SignInWithEmail.swift */; };
		657043EB26728A1E004D6005 /* Enums and Structs.swift in Sources */ = {isa = PBXBuildFile; fileRef = 657043EA26728A1E004D6005 /* Enums and Structs.swift */; };
		659259472633680B00670980 /* CardView.swift in Sources */ = {isa = PBXBuildFile; fileRef = 659259462633680B00670980 /* CardView.swift */; };
		65BA7C93263502DF008F18BA /* SwiftUICharts in Frameworks */ = {isa = PBXBuildFile; productRef = 65BA7C92263502DF008F18BA /* SwiftUICharts */; };
		65BA7C9626350435008F18BA /* GoogleService-Info.plist in Resources */ = {isa = PBXBuildFile; fileRef = 65BA7C9526350435008F18BA /* GoogleService-Info.plist */; };
		65BC65C92634EAB8002A3653 /* SignupView.swift in Sources */ = {isa = PBXBuildFile; fileRef = 65BC65C82634EAB8002A3653 /* SignupView.swift */; };
		65BC65CC2634EE59002A3653 /* Pacifico-Regular.ttf in Resources */ = {isa = PBXBuildFile; fileRef = 65BC65CB2634EE59002A3653 /* Pacifico-Regular.ttf */; };
		65D3EF1626786F3200F2CC16 /* DateHelper.swift in Sources */ = {isa = PBXBuildFile; fileRef = 65D3EF1526786F3200F2CC16 /* DateHelper.swift */; };
		65D3EF182678798700F2CC16 /* UploadToFirebaseHelper.swift in Sources */ = {isa = PBXBuildFile; fileRef = 65D3EF172678798700F2CC16 /* UploadToFirebaseHelper.swift */; };
		65D3EF1A267926C000F2CC16 /* PostModel.swift in Sources */ = {isa = PBXBuildFile; fileRef = 65D3EF19267926C000F2CC16 /* PostModel.swift */; };
/* End PBXBuildFile section */

/* Begin PBXFileReference section */
		13FDF385726747C0AEA868C3 /* Pods_PianoFly.framework */ = {isa = PBXFileReference; explicitFileType = wrapper.framework; includeInIndex = 0; path = Pods_PianoFly.framework; sourceTree = BUILT_PRODUCTS_DIR; };
		23A8C15EE58F586BB8578528 /* Pods-PianoFly.release.xcconfig */ = {isa = PBXFileReference; includeInIndex = 1; lastKnownFileType = text.xcconfig; name = "Pods-PianoFly.release.xcconfig"; path = "Target Support Files/Pods-PianoFly/Pods-PianoFly.release.xcconfig"; sourceTree = "<group>"; };
		3DC776C3F7251F74EF9822CF /* Pods-PianoFly.debug.xcconfig */ = {isa = PBXFileReference; includeInIndex = 1; lastKnownFileType = text.xcconfig; name = "Pods-PianoFly.debug.xcconfig"; path = "Target Support Files/Pods-PianoFly/Pods-PianoFly.debug.xcconfig"; sourceTree = "<group>"; };
		4B0A8169269AAA11001B11E2 /* FormView.swift */ = {isa = PBXFileReference; lastKnownFileType = sourcecode.swift; path = FormView.swift; sourceTree = "<group>"; };
		4B29FC1426941E8D0026B1D5 /* HomeView.swift */ = {isa = PBXFileReference; lastKnownFileType = sourcecode.swift; path = HomeView.swift; sourceTree = "<group>"; };
		4B29FC1726941EC70026B1D5 /* PieceModel.swift */ = {isa = PBXFileReference; lastKnownFileType = sourcecode.swift; path = PieceModel.swift; sourceTree = "<group>"; };
		4B29FC1926941FCB0026B1D5 /* TopBarView.swift */ = {isa = PBXFileReference; lastKnownFileType = sourcecode.swift; path = TopBarView.swift; sourceTree = "<group>"; };
		4B29FC1B26941FFC0026B1D5 /* PieceBreakdownView.swift */ = {isa = PBXFileReference; lastKnownFileType = sourcecode.swift; path = PieceBreakdownView.swift; sourceTree = "<group>"; };
		4B3FCD5E268C2CA6006FF7BB /* NewPieceView.swift */ = {isa = PBXFileReference; lastKnownFileType = sourcecode.swift; path = NewPieceView.swift; sourceTree = "<group>"; };
		4B41F4EF26926DA8006A963C /* TabView.swift */ = {isa = PBXFileReference; fileEncoding = 4; lastKnownFileType = sourcecode.swift; path = TabView.swift; sourceTree = "<group>"; };
		4B4DF34B26843F57000642C3 /* FirebaseViewModel.swift */ = {isa = PBXFileReference; lastKnownFileType = sourcecode.swift; path = FirebaseViewModel.swift; sourceTree = "<group>"; };
		4B889720269B80DF000A4B82 /* UserPiece.swift */ = {isa = PBXFileReference; lastKnownFileType = sourcecode.swift; path = UserPiece.swift; sourceTree = "<group>"; };
		4B889722269C0E9D000A4B82 /* PieceSelectionView.swift */ = {isa = PBXFileReference; lastKnownFileType = sourcecode.swift; path = PieceSelectionView.swift; sourceTree = "<group>"; };
		4B89C93826955E76007E722B /* PieceView.swift */ = {isa = PBXFileReference; lastKnownFileType = sourcecode.swift; path = PieceView.swift; sourceTree = "<group>"; };
		4BA7C5A726BE37FF00CBE4F9 /* TopFloaterView.swift */ = {isa = PBXFileReference; lastKnownFileType = sourcecode.swift; path = TopFloaterView.swift; sourceTree = "<group>"; };
		4BCBF68A26B46011009263AD /* DeletedPiece.swift */ = {isa = PBXFileReference; lastKnownFileType = sourcecode.swift; path = DeletedPiece.swift; sourceTree = "<group>"; };
		4BDEA4D426B73DEC00FA2A88 /* SettingsView.swift */ = {isa = PBXFileReference; lastKnownFileType = sourcecode.swift; path = SettingsView.swift; sourceTree = "<group>"; };
		4BDEA4D626B73E2300FA2A88 /* SettingsLabelView.swift */ = {isa = PBXFileReference; lastKnownFileType = sourcecode.swift; path = SettingsLabelView.swift; sourceTree = "<group>"; };
		4BDEA4D826B73F1E00FA2A88 /* SettingsRowView.swift */ = {isa = PBXFileReference; lastKnownFileType = sourcecode.swift; path = SettingsRowView.swift; sourceTree = "<group>"; };
		4BE8B72526B47416005F9AF2 /* ForgetPassword.swift */ = {isa = PBXFileReference; lastKnownFileType = sourcecode.swift; path = ForgetPassword.swift; sourceTree = "<group>"; };
		4BF8D7CA268AEBFB00E8799A /* CustomActionSheet.swift */ = {isa = PBXFileReference; lastKnownFileType = sourcecode.swift; path = CustomActionSheet.swift; sourceTree = "<group>"; };
		6513FC56263239570094A6C2 /* PracticeModel.swift */ = {isa = PBXFileReference; lastKnownFileType = sourcecode.swift; path = PracticeModel.swift; sourceTree = "<group>"; };
		6514C8CE2633E1CB007737D9 /* BarChart.swift */ = {isa = PBXFileReference; lastKnownFileType = sourcecode.swift; path = BarChart.swift; sourceTree = "<group>"; };
		6528D114262E033D002C13E4 /* PianoFly.app */ = {isa = PBXFileReference; explicitFileType = wrapper.application; includeInIndex = 0; path = PianoFly.app; sourceTree = BUILT_PRODUCTS_DIR; };
		6528D117262E033D002C13E4 /* AppDelegate.swift */ = {isa = PBXFileReference; lastKnownFileType = sourcecode.swift; path = AppDelegate.swift; sourceTree = "<group>"; };
		6528D119262E033D002C13E4 /* SceneDelegate.swift */ = {isa = PBXFileReference; lastKnownFileType = sourcecode.swift; path = SceneDelegate.swift; sourceTree = "<group>"; };
		6528D11B262E033D002C13E4 /* ContentView.swift */ = {isa = PBXFileReference; lastKnownFileType = sourcecode.swift; path = ContentView.swift; sourceTree = "<group>"; };
		6528D11D262E033E002C13E4 /* Assets.xcassets */ = {isa = PBXFileReference; lastKnownFileType = folder.assetcatalog; path = Assets.xcassets; sourceTree = "<group>"; };
		6528D120262E033E002C13E4 /* Preview Assets.xcassets */ = {isa = PBXFileReference; lastKnownFileType = folder.assetcatalog; path = "Preview Assets.xcassets"; sourceTree = "<group>"; };
		6528D123262E033E002C13E4 /* Base */ = {isa = PBXFileReference; lastKnownFileType = file.storyboard; name = Base; path = Base.lproj/LaunchScreen.storyboard; sourceTree = "<group>"; };
		6528D125262E033E002C13E4 /* Info.plist */ = {isa = PBXFileReference; lastKnownFileType = text.plist.xml; path = Info.plist; sourceTree = "<group>"; };
		6528D131262E0596002C13E4 /* CustomTabs.swift */ = {isa = PBXFileReference; lastKnownFileType = sourcecode.swift; path = CustomTabs.swift; sourceTree = "<group>"; };
		6528D146262E3999002C13E4 /* PracticeLogView.swift */ = {isa = PBXFileReference; lastKnownFileType = sourcecode.swift; path = PracticeLogView.swift; sourceTree = "<group>"; };
		654020E02672BE5100CDE8FD /* SignInWithApple.swift */ = {isa = PBXFileReference; lastKnownFileType = sourcecode.swift; path = SignInWithApple.swift; sourceTree = "<group>"; };
		654020E22672BF2A00CDE8FD /* AuthService.swift */ = {isa = PBXFileReference; lastKnownFileType = sourcecode.swift; path = AuthService.swift; sourceTree = "<group>"; };
		654020E42672C4ED00CDE8FD /* PianoFly.entitlements */ = {isa = PBXFileReference; lastKnownFileType = text.plist.entitlements; path = PianoFly.entitlements; sourceTree = "<group>"; };
		654020E52672E8EA00CDE8FD /* OnboardingView.swift */ = {isa = PBXFileReference; lastKnownFileType = sourcecode.swift; path = OnboardingView.swift; sourceTree = "<group>"; };
		654020E726730F9000CDE8FD /* Extensions.swift */ = {isa = PBXFileReference; lastKnownFileType = sourcecode.swift; path = Extensions.swift; sourceTree = "<group>"; };
		657043E7267285E8004D6005 /* SignInWithEmail.swift */ = {isa = PBXFileReference; lastKnownFileType = sourcecode.swift; path = SignInWithEmail.swift; sourceTree = "<group>"; };
		657043EA26728A1E004D6005 /* Enums and Structs.swift */ = {isa = PBXFileReference; lastKnownFileType = sourcecode.swift; path = "Enums and Structs.swift"; sourceTree = "<group>"; };
		659259462633680B00670980 /* CardView.swift */ = {isa = PBXFileReference; lastKnownFileType = sourcecode.swift; path = CardView.swift; sourceTree = "<group>"; };
		65BA7C9526350435008F18BA /* GoogleService-Info.plist */ = {isa = PBXFileReference; fileEncoding = 4; lastKnownFileType = text.plist.xml; path = "GoogleService-Info.plist"; sourceTree = "<group>"; };
		65BC65C82634EAB8002A3653 /* SignupView.swift */ = {isa = PBXFileReference; lastKnownFileType = sourcecode.swift; path = SignupView.swift; sourceTree = "<group>"; };
		65BC65CB2634EE59002A3653 /* Pacifico-Regular.ttf */ = {isa = PBXFileReference; lastKnownFileType = file; path = "Pacifico-Regular.ttf"; sourceTree = "<group>"; };
		65D3EF1526786F3200F2CC16 /* DateHelper.swift */ = {isa = PBXFileReference; lastKnownFileType = sourcecode.swift; path = DateHelper.swift; sourceTree = "<group>"; };
		65D3EF172678798700F2CC16 /* UploadToFirebaseHelper.swift */ = {isa = PBXFileReference; lastKnownFileType = sourcecode.swift; path = UploadToFirebaseHelper.swift; sourceTree = "<group>"; };
		65D3EF19267926C000F2CC16 /* PostModel.swift */ = {isa = PBXFileReference; lastKnownFileType = sourcecode.swift; path = PostModel.swift; sourceTree = "<group>"; };
/* End PBXFileReference section */

/* Begin PBXFrameworksBuildPhase section */
		6528D111262E033D002C13E4 /* Frameworks */ = {
			isa = PBXFrameworksBuildPhase;
			buildActionMask = 2147483647;
			files = (
				4BE8B72926B4798C005F9AF2 /* SSToastMessage in Frameworks */,
				14A5CC99A4DC613903BB13E5 /* Pods_PianoFly.framework in Frameworks */,
				4BF8D7CE268AEE1600E8799A /* BottomSheet in Frameworks */,
				65BA7C93263502DF008F18BA /* SwiftUICharts in Frameworks */,
			);
			runOnlyForDeploymentPostprocessing = 0;
		};
/* End PBXFrameworksBuildPhase section */

/* Begin PBXGroup section */
		490EEDB4838A5B2EAA72AF51 /* Frameworks */ = {
			isa = PBXGroup;
			children = (
				13FDF385726747C0AEA868C3 /* Pods_PianoFly.framework */,
			);
			name = Frameworks;
			sourceTree = "<group>";
		};
		4B29FC1626941EB10026B1D5 /* Model */ = {
			isa = PBXGroup;
			children = (
				6513FC56263239570094A6C2 /* PracticeModel.swift */,
				4B889720269B80DF000A4B82 /* UserPiece.swift */,
				4B29FC1726941EC70026B1D5 /* PieceModel.swift */,
			);
			path = Model;
			sourceTree = "<group>";
		};
		4B4DF34A26843F47000642C3 /* ViewModel */ = {
			isa = PBXGroup;
			children = (
				4B4DF34B26843F57000642C3 /* FirebaseViewModel.swift */,
			);
			path = ViewModel;
			sourceTree = "<group>";
		};
		6528D10B262E033D002C13E4 = {
			isa = PBXGroup;
			children = (
				6528D116262E033D002C13E4 /* PianoFly */,
				6528D115262E033D002C13E4 /* Products */,
				83D2F87673AADCC673F7DED0 /* Pods */,
				490EEDB4838A5B2EAA72AF51 /* Frameworks */,
			);
			sourceTree = "<group>";
		};
		6528D115262E033D002C13E4 /* Products */ = {
			isa = PBXGroup;
			children = (
				6528D114262E033D002C13E4 /* PianoFly.app */,
			);
			name = Products;
			sourceTree = "<group>";
		};
		6528D116262E033D002C13E4 /* PianoFly */ = {
			isa = PBXGroup;
			children = (
				4B4DF34A26843F47000642C3 /* ViewModel */,
				654020E42672C4ED00CDE8FD /* PianoFly.entitlements */,
				657043E926728A00004D6005 /* Helpers */,
				657043E5267285B3004D6005 /* Firebase */,
				6528D117262E033D002C13E4 /* AppDelegate.swift */,
				6528D119262E033D002C13E4 /* SceneDelegate.swift */,
				65BA7C9526350435008F18BA /* GoogleService-Info.plist */,
				65BC65CB2634EE59002A3653 /* Pacifico-Regular.ttf */,
				6528D12F262E057D002C13E4 /* Views */,
				6528D11D262E033E002C13E4 /* Assets.xcassets */,
				6528D122262E033E002C13E4 /* LaunchScreen.storyboard */,
				6528D125262E033E002C13E4 /* Info.plist */,
				6528D11F262E033E002C13E4 /* Preview Content */,
				4B29FC1626941EB10026B1D5 /* Model */,
			);
			path = PianoFly;
			sourceTree = "<group>";
		};
		6528D11F262E033E002C13E4 /* Preview Content */ = {
			isa = PBXGroup;
			children = (
				6528D120262E033E002C13E4 /* Preview Assets.xcassets */,
			);
			path = "Preview Content";
			sourceTree = "<group>";
		};
		6528D12F262E057D002C13E4 /* Views */ = {
			isa = PBXGroup;
			children = (
				6528D11B262E033D002C13E4 /* ContentView.swift */,
				4BA7C5A726BE37FF00CBE4F9 /* TopFloaterView.swift */,
				6528D131262E0596002C13E4 /* CustomTabs.swift */,
				4B29FC1426941E8D0026B1D5 /* HomeView.swift */,
				4B41F4EF26926DA8006A963C /* TabView.swift */,
				6528D146262E3999002C13E4 /* PracticeLogView.swift */,
				659259462633680B00670980 /* CardView.swift */,
				6514C8CE2633E1CB007737D9 /* BarChart.swift */,
				65BC65C82634EAB8002A3653 /* SignupView.swift */,
				654020E52672E8EA00CDE8FD /* OnboardingView.swift */,
				4BE8B72526B47416005F9AF2 /* ForgetPassword.swift */,
				4BF8D7CA268AEBFB00E8799A /* CustomActionSheet.swift */,
				4B889722269C0E9D000A4B82 /* PieceSelectionView.swift */,
				4B3FCD5E268C2CA6006FF7BB /* NewPieceView.swift */,
				4B29FC1926941FCB0026B1D5 /* TopBarView.swift */,
				4B29FC1B26941FFC0026B1D5 /* PieceBreakdownView.swift */,
				4B89C93826955E76007E722B /* PieceView.swift */,
				4B0A8169269AAA11001B11E2 /* FormView.swift */,
				4BDEA4D426B73DEC00FA2A88 /* SettingsView.swift */,
				4BDEA4D626B73E2300FA2A88 /* SettingsLabelView.swift */,
				4BDEA4D826B73F1E00FA2A88 /* SettingsRowView.swift */,
			);
			path = Views;
			sourceTree = "<group>";
		};
		657043E5267285B3004D6005 /* Firebase */ = {
			isa = PBXGroup;
			children = (
				65D3EF1426786F1200F2CC16 /* Logging Practice Time */,
				657043E6267285CE004D6005 /* Signin Providers */,
			);
			path = Firebase;
			sourceTree = "<group>";
		};
		657043E6267285CE004D6005 /* Signin Providers */ = {
			isa = PBXGroup;
			children = (
				657043E7267285E8004D6005 /* SignInWithEmail.swift */,
				654020E02672BE5100CDE8FD /* SignInWithApple.swift */,
				654020E22672BF2A00CDE8FD /* AuthService.swift */,
			);
			path = "Signin Providers";
			sourceTree = "<group>";
		};
		657043E926728A00004D6005 /* Helpers */ = {
			isa = PBXGroup;
			children = (
				657043EA26728A1E004D6005 /* Enums and Structs.swift */,
				654020E726730F9000CDE8FD /* Extensions.swift */,
				4BCBF68A26B46011009263AD /* DeletedPiece.swift */,
			);
			path = Helpers;
			sourceTree = "<group>";
		};
		65D3EF1426786F1200F2CC16 /* Logging Practice Time */ = {
			isa = PBXGroup;
			children = (
				65D3EF1526786F3200F2CC16 /* DateHelper.swift */,
				65D3EF172678798700F2CC16 /* UploadToFirebaseHelper.swift */,
				65D3EF19267926C000F2CC16 /* PostModel.swift */,
			);
			path = "Logging Practice Time";
			sourceTree = "<group>";
		};
		83D2F87673AADCC673F7DED0 /* Pods */ = {
			isa = PBXGroup;
			children = (
				3DC776C3F7251F74EF9822CF /* Pods-PianoFly.debug.xcconfig */,
				23A8C15EE58F586BB8578528 /* Pods-PianoFly.release.xcconfig */,
			);
			path = Pods;
			sourceTree = "<group>";
		};
/* End PBXGroup section */

/* Begin PBXNativeTarget section */
		6528D113262E033D002C13E4 /* PianoFly */ = {
			isa = PBXNativeTarget;
			buildConfigurationList = 6528D128262E033E002C13E4 /* Build configuration list for PBXNativeTarget "PianoFly" */;
			buildPhases = (
				5C6366DAB3536A52687EB740 /* [CP] Check Pods Manifest.lock */,
				6528D110262E033D002C13E4 /* Sources */,
				6528D111262E033D002C13E4 /* Frameworks */,
				6528D112262E033D002C13E4 /* Resources */,
				0FDB3D1542DF9CA6451EE2DD /* [CP] Embed Pods Frameworks */,
			);
			buildRules = (
			);
			dependencies = (
			);
			name = PianoFly;
			packageProductDependencies = (
				65BA7C92263502DF008F18BA /* SwiftUICharts */,
				4BF8D7CD268AEE1600E8799A /* BottomSheet */,
				4BE8B72826B4798C005F9AF2 /* SSToastMessage */,
			);
			productName = PianoFly;
			productReference = 6528D114262E033D002C13E4 /* PianoFly.app */;
			productType = "com.apple.product-type.application";
		};
/* End PBXNativeTarget section */

/* Begin PBXProject section */
		6528D10C262E033D002C13E4 /* Project object */ = {
			isa = PBXProject;
			attributes = {
				LastSwiftUpdateCheck = 1240;
				LastUpgradeCheck = 1240;
				TargetAttributes = {
					6528D113262E033D002C13E4 = {
						CreatedOnToolsVersion = 12.4;
					};
				};
			};
			buildConfigurationList = 6528D10F262E033D002C13E4 /* Build configuration list for PBXProject "PianoFly" */;
			compatibilityVersion = "Xcode 9.3";
			developmentRegion = en;
			hasScannedForEncodings = 0;
			knownRegions = (
				en,
				Base,
			);
			mainGroup = 6528D10B262E033D002C13E4;
			packageReferences = (
				65BA7C91263502DF008F18BA /* XCRemoteSwiftPackageReference "ChartView" */,
				4BF8D7CC268AEE1600E8799A /* XCRemoteSwiftPackageReference "bottom-sheet" */,
				4BE8B72726B4798C005F9AF2 /* XCRemoteSwiftPackageReference "SSToastMessage" */,
			);
			productRefGroup = 6528D115262E033D002C13E4 /* Products */;
			projectDirPath = "";
			projectRoot = "";
			targets = (
				6528D113262E033D002C13E4 /* PianoFly */,
			);
		};
/* End PBXProject section */

/* Begin PBXResourcesBuildPhase section */
		6528D112262E033D002C13E4 /* Resources */ = {
			isa = PBXResourcesBuildPhase;
			buildActionMask = 2147483647;
			files = (
				6528D124262E033E002C13E4 /* LaunchScreen.storyboard in Resources */,
				65BC65CC2634EE59002A3653 /* Pacifico-Regular.ttf in Resources */,
				65BA7C9626350435008F18BA /* GoogleService-Info.plist in Resources */,
				6528D121262E033E002C13E4 /* Preview Assets.xcassets in Resources */,
				6528D11E262E033E002C13E4 /* Assets.xcassets in Resources */,
			);
			runOnlyForDeploymentPostprocessing = 0;
		};
/* End PBXResourcesBuildPhase section */

/* Begin PBXShellScriptBuildPhase section */
		0FDB3D1542DF9CA6451EE2DD /* [CP] Embed Pods Frameworks */ = {
			isa = PBXShellScriptBuildPhase;
			buildActionMask = 2147483647;
			files = (
			);
			inputFileListPaths = (
				"${PODS_ROOT}/Target Support Files/Pods-PianoFly/Pods-PianoFly-frameworks-${CONFIGURATION}-input-files.xcfilelist",
			);
			name = "[CP] Embed Pods Frameworks";
			outputFileListPaths = (
				"${PODS_ROOT}/Target Support Files/Pods-PianoFly/Pods-PianoFly-frameworks-${CONFIGURATION}-output-files.xcfilelist",
			);
			runOnlyForDeploymentPostprocessing = 0;
			shellPath = /bin/sh;
			shellScript = "\"${PODS_ROOT}/Target Support Files/Pods-PianoFly/Pods-PianoFly-frameworks.sh\"\n";
			showEnvVarsInLog = 0;
		};
		5C6366DAB3536A52687EB740 /* [CP] Check Pods Manifest.lock */ = {
			isa = PBXShellScriptBuildPhase;
			buildActionMask = 2147483647;
			files = (
			);
			inputFileListPaths = (
			);
			inputPaths = (
				"${PODS_PODFILE_DIR_PATH}/Podfile.lock",
				"${PODS_ROOT}/Manifest.lock",
			);
			name = "[CP] Check Pods Manifest.lock";
			outputFileListPaths = (
			);
			outputPaths = (
				"$(DERIVED_FILE_DIR)/Pods-PianoFly-checkManifestLockResult.txt",
			);
			runOnlyForDeploymentPostprocessing = 0;
			shellPath = /bin/sh;
			shellScript = "diff \"${PODS_PODFILE_DIR_PATH}/Podfile.lock\" \"${PODS_ROOT}/Manifest.lock\" > /dev/null\nif [ $? != 0 ] ; then\n    # print error to STDERR\n    echo \"error: The sandbox is not in sync with the Podfile.lock. Run 'pod install' or update your CocoaPods installation.\" >&2\n    exit 1\nfi\n# This output is used by Xcode 'outputs' to avoid re-running this script phase.\necho \"SUCCESS\" > \"${SCRIPT_OUTPUT_FILE_0}\"\n";
			showEnvVarsInLog = 0;
		};
/* End PBXShellScriptBuildPhase section */

/* Begin PBXSourcesBuildPhase section */
		6528D110262E033D002C13E4 /* Sources */ = {
			isa = PBXSourcesBuildPhase;
			buildActionMask = 2147483647;
			files = (
				4BF8D7CB268AEBFB00E8799A /* CustomActionSheet.swift in Sources */,
				6528D147262E3999002C13E4 /* PracticeLogView.swift in Sources */,
				4BDEA4D726B73E2300FA2A88 /* SettingsLabelView.swift in Sources */,
				4BE8B72626B47416005F9AF2 /* ForgetPassword.swift in Sources */,
				65D3EF1A267926C000F2CC16 /* PostModel.swift in Sources */,
				6514C8CF2633E1CB007737D9 /* BarChart.swift in Sources */,
				657043E8267285E8004D6005 /* SignInWithEmail.swift in Sources */,
				6528D132262E0596002C13E4 /* CustomTabs.swift in Sources */,
				6528D118262E033D002C13E4 /* AppDelegate.swift in Sources */,
				4B29FC1826941EC70026B1D5 /* PieceModel.swift in Sources */,
				4B29FC1A26941FCB0026B1D5 /* TopBarView.swift in Sources */,
				65BC65C92634EAB8002A3653 /* SignupView.swift in Sources */,
				4BCBF68B26B46011009263AD /* DeletedPiece.swift in Sources */,
				4B4DF34C26843F57000642C3 /* FirebaseViewModel.swift in Sources */,
				654020E12672BE5100CDE8FD /* SignInWithApple.swift in Sources */,
				6513FC57263239570094A6C2 /* PracticeModel.swift in Sources */,
				6528D11A262E033D002C13E4 /* SceneDelegate.swift in Sources */,
				657043EB26728A1E004D6005 /* Enums and Structs.swift in Sources */,
				659259472633680B00670980 /* CardView.swift in Sources */,
				654020E32672BF2A00CDE8FD /* AuthService.swift in Sources */,
				4B3FCD5F268C2CA6006FF7BB /* NewPieceView.swift in Sources */,
				654020E62672E8EA00CDE8FD /* OnboardingView.swift in Sources */,
				4BDEA4D526B73DEC00FA2A88 /* SettingsView.swift in Sources */,
				654020E826730F9000CDE8FD /* Extensions.swift in Sources */,
				65D3EF1626786F3200F2CC16 /* DateHelper.swift in Sources */,
				4B889723269C0E9D000A4B82 /* PieceSelectionView.swift in Sources */,
				4BA7C5A826BE37FF00CBE4F9 /* TopFloaterView.swift in Sources */,
				6528D11C262E033D002C13E4 /* ContentView.swift in Sources */,
				4BDEA4D926B73F1E00FA2A88 /* SettingsRowView.swift in Sources */,
				4B89C93926955E76007E722B /* PieceView.swift in Sources */,
				4B29FC1526941E8D0026B1D5 /* HomeView.swift in Sources */,
				4B889721269B80DF000A4B82 /* UserPiece.swift in Sources */,
				4B41F4F026926DA8006A963C /* TabView.swift in Sources */,
				4B0A816A269AAA11001B11E2 /* FormView.swift in Sources */,
				65D3EF182678798700F2CC16 /* UploadToFirebaseHelper.swift in Sources */,
				4B29FC1C26941FFC0026B1D5 /* PieceBreakdownView.swift in Sources */,
			);
			runOnlyForDeploymentPostprocessing = 0;
		};
/* End PBXSourcesBuildPhase section */

/* Begin PBXVariantGroup section */
		6528D122262E033E002C13E4 /* LaunchScreen.storyboard */ = {
			isa = PBXVariantGroup;
			children = (
				6528D123262E033E002C13E4 /* Base */,
			);
			name = LaunchScreen.storyboard;
			sourceTree = "<group>";
		};
/* End PBXVariantGroup section */

/* Begin XCBuildConfiguration section */
		6528D126262E033E002C13E4 /* Debug */ = {
			isa = XCBuildConfiguration;
			buildSettings = {
				ALWAYS_SEARCH_USER_PATHS = NO;
				CLANG_ANALYZER_NONNULL = YES;
				CLANG_ANALYZER_NUMBER_OBJECT_CONVERSION = YES_AGGRESSIVE;
				CLANG_CXX_LANGUAGE_STANDARD = "gnu++14";
				CLANG_CXX_LIBRARY = "libc++";
				CLANG_ENABLE_MODULES = YES;
				CLANG_ENABLE_OBJC_ARC = YES;
				CLANG_ENABLE_OBJC_WEAK = YES;
				CLANG_WARN_BLOCK_CAPTURE_AUTORELEASING = YES;
				CLANG_WARN_BOOL_CONVERSION = YES;
				CLANG_WARN_COMMA = YES;
				CLANG_WARN_CONSTANT_CONVERSION = YES;
				CLANG_WARN_DEPRECATED_OBJC_IMPLEMENTATIONS = YES;
				CLANG_WARN_DIRECT_OBJC_ISA_USAGE = YES_ERROR;
				CLANG_WARN_DOCUMENTATION_COMMENTS = YES;
				CLANG_WARN_EMPTY_BODY = YES;
				CLANG_WARN_ENUM_CONVERSION = YES;
				CLANG_WARN_INFINITE_RECURSION = YES;
				CLANG_WARN_INT_CONVERSION = YES;
				CLANG_WARN_NON_LITERAL_NULL_CONVERSION = YES;
				CLANG_WARN_OBJC_IMPLICIT_RETAIN_SELF = YES;
				CLANG_WARN_OBJC_LITERAL_CONVERSION = YES;
				CLANG_WARN_OBJC_ROOT_CLASS = YES_ERROR;
				CLANG_WARN_QUOTED_INCLUDE_IN_FRAMEWORK_HEADER = YES;
				CLANG_WARN_RANGE_LOOP_ANALYSIS = YES;
				CLANG_WARN_STRICT_PROTOTYPES = YES;
				CLANG_WARN_SUSPICIOUS_MOVE = YES;
				CLANG_WARN_UNGUARDED_AVAILABILITY = YES_AGGRESSIVE;
				CLANG_WARN_UNREACHABLE_CODE = YES;
				CLANG_WARN__DUPLICATE_METHOD_MATCH = YES;
				COPY_PHASE_STRIP = NO;
				DEBUG_INFORMATION_FORMAT = dwarf;
				ENABLE_STRICT_OBJC_MSGSEND = YES;
				ENABLE_TESTABILITY = YES;
				GCC_C_LANGUAGE_STANDARD = gnu11;
				GCC_DYNAMIC_NO_PIC = NO;
				GCC_NO_COMMON_BLOCKS = YES;
				GCC_OPTIMIZATION_LEVEL = 0;
				GCC_PREPROCESSOR_DEFINITIONS = (
					"DEBUG=1",
					"$(inherited)",
				);
				GCC_WARN_64_TO_32_BIT_CONVERSION = YES;
				GCC_WARN_ABOUT_RETURN_TYPE = YES_ERROR;
				GCC_WARN_UNDECLARED_SELECTOR = YES;
				GCC_WARN_UNINITIALIZED_AUTOS = YES_AGGRESSIVE;
				GCC_WARN_UNUSED_FUNCTION = YES;
				GCC_WARN_UNUSED_VARIABLE = YES;
				IPHONEOS_DEPLOYMENT_TARGET = 14.4;
				MTL_ENABLE_DEBUG_INFO = INCLUDE_SOURCE;
				MTL_FAST_MATH = YES;
				ONLY_ACTIVE_ARCH = YES;
				SDKROOT = iphoneos;
				SWIFT_ACTIVE_COMPILATION_CONDITIONS = DEBUG;
				SWIFT_OPTIMIZATION_LEVEL = "-Onone";
			};
			name = Debug;
		};
		6528D127262E033E002C13E4 /* Release */ = {
			isa = XCBuildConfiguration;
			buildSettings = {
				ALWAYS_SEARCH_USER_PATHS = NO;
				CLANG_ANALYZER_NONNULL = YES;
				CLANG_ANALYZER_NUMBER_OBJECT_CONVERSION = YES_AGGRESSIVE;
				CLANG_CXX_LANGUAGE_STANDARD = "gnu++14";
				CLANG_CXX_LIBRARY = "libc++";
				CLANG_ENABLE_MODULES = YES;
				CLANG_ENABLE_OBJC_ARC = YES;
				CLANG_ENABLE_OBJC_WEAK = YES;
				CLANG_WARN_BLOCK_CAPTURE_AUTORELEASING = YES;
				CLANG_WARN_BOOL_CONVERSION = YES;
				CLANG_WARN_COMMA = YES;
				CLANG_WARN_CONSTANT_CONVERSION = YES;
				CLANG_WARN_DEPRECATED_OBJC_IMPLEMENTATIONS = YES;
				CLANG_WARN_DIRECT_OBJC_ISA_USAGE = YES_ERROR;
				CLANG_WARN_DOCUMENTATION_COMMENTS = YES;
				CLANG_WARN_EMPTY_BODY = YES;
				CLANG_WARN_ENUM_CONVERSION = YES;
				CLANG_WARN_INFINITE_RECURSION = YES;
				CLANG_WARN_INT_CONVERSION = YES;
				CLANG_WARN_NON_LITERAL_NULL_CONVERSION = YES;
				CLANG_WARN_OBJC_IMPLICIT_RETAIN_SELF = YES;
				CLANG_WARN_OBJC_LITERAL_CONVERSION = YES;
				CLANG_WARN_OBJC_ROOT_CLASS = YES_ERROR;
				CLANG_WARN_QUOTED_INCLUDE_IN_FRAMEWORK_HEADER = YES;
				CLANG_WARN_RANGE_LOOP_ANALYSIS = YES;
				CLANG_WARN_STRICT_PROTOTYPES = YES;
				CLANG_WARN_SUSPICIOUS_MOVE = YES;
				CLANG_WARN_UNGUARDED_AVAILABILITY = YES_AGGRESSIVE;
				CLANG_WARN_UNREACHABLE_CODE = YES;
				CLANG_WARN__DUPLICATE_METHOD_MATCH = YES;
				COPY_PHASE_STRIP = NO;
				DEBUG_INFORMATION_FORMAT = "dwarf-with-dsym";
				ENABLE_NS_ASSERTIONS = NO;
				ENABLE_STRICT_OBJC_MSGSEND = YES;
				GCC_C_LANGUAGE_STANDARD = gnu11;
				GCC_NO_COMMON_BLOCKS = YES;
				GCC_WARN_64_TO_32_BIT_CONVERSION = YES;
				GCC_WARN_ABOUT_RETURN_TYPE = YES_ERROR;
				GCC_WARN_UNDECLARED_SELECTOR = YES;
				GCC_WARN_UNINITIALIZED_AUTOS = YES_AGGRESSIVE;
				GCC_WARN_UNUSED_FUNCTION = YES;
				GCC_WARN_UNUSED_VARIABLE = YES;
				IPHONEOS_DEPLOYMENT_TARGET = 14.4;
				MTL_ENABLE_DEBUG_INFO = NO;
				MTL_FAST_MATH = YES;
				SDKROOT = iphoneos;
				SWIFT_COMPILATION_MODE = wholemodule;
				SWIFT_OPTIMIZATION_LEVEL = "-O";
				VALIDATE_PRODUCT = YES;
			};
			name = Release;
		};
		6528D129262E033E002C13E4 /* Debug */ = {
			isa = XCBuildConfiguration;
			baseConfigurationReference = 3DC776C3F7251F74EF9822CF /* Pods-PianoFly.debug.xcconfig */;
			buildSettings = {
				ASSETCATALOG_COMPILER_APPICON_NAME = AppIcon;
				ASSETCATALOG_COMPILER_GLOBAL_ACCENT_COLOR_NAME = AccentColor;
				CODE_SIGN_ENTITLEMENTS = PianoFly/PianoFly.entitlements;
				CODE_SIGN_STYLE = Automatic;
				DEVELOPMENT_ASSET_PATHS = "\"PianoFly/Preview Content\"";
				DEVELOPMENT_TEAM = V5P29Y93LL;
				ENABLE_PREVIEWS = YES;
				INFOPLIST_FILE = PianoFly/Info.plist;
				LD_RUNPATH_SEARCH_PATHS = (
					"$(inherited)",
					"@executable_path/Frameworks",
				);
				PRODUCT_BUNDLE_IDENTIFIER = com.derekhsieh.PianoFly;
				PRODUCT_NAME = "$(TARGET_NAME)";
				SWIFT_VERSION = 5.0;
				TARGETED_DEVICE_FAMILY = "1,2";
			};
			name = Debug;
		};
		6528D12A262E033E002C13E4 /* Release */ = {
			isa = XCBuildConfiguration;
			baseConfigurationReference = 23A8C15EE58F586BB8578528 /* Pods-PianoFly.release.xcconfig */;
			buildSettings = {
				ASSETCATALOG_COMPILER_APPICON_NAME = AppIcon;
				ASSETCATALOG_COMPILER_GLOBAL_ACCENT_COLOR_NAME = AccentColor;
				CODE_SIGN_ENTITLEMENTS = PianoFly/PianoFly.entitlements;
				CODE_SIGN_STYLE = Automatic;
				DEVELOPMENT_ASSET_PATHS = "\"PianoFly/Preview Content\"";
				DEVELOPMENT_TEAM = V5P29Y93LL;
				ENABLE_PREVIEWS = YES;
				INFOPLIST_FILE = PianoFly/Info.plist;
				LD_RUNPATH_SEARCH_PATHS = (
					"$(inherited)",
					"@executable_path/Frameworks",
				);
				PRODUCT_BUNDLE_IDENTIFIER = com.derekhsieh.PianoFly;
				PRODUCT_NAME = "$(TARGET_NAME)";
				SWIFT_VERSION = 5.0;
				TARGETED_DEVICE_FAMILY = "1,2";
			};
			name = Release;
		};
/* End XCBuildConfiguration section */

/* Begin XCConfigurationList section */
		6528D10F262E033D002C13E4 /* Build configuration list for PBXProject "PianoFly" */ = {
			isa = XCConfigurationList;
			buildConfigurations = (
				6528D126262E033E002C13E4 /* Debug */,
				6528D127262E033E002C13E4 /* Release */,
			);
			defaultConfigurationIsVisible = 0;
			defaultConfigurationName = Release;
		};
		6528D128262E033E002C13E4 /* Build configuration list for PBXNativeTarget "PianoFly" */ = {
			isa = XCConfigurationList;
			buildConfigurations = (
				6528D129262E033E002C13E4 /* Debug */,
				6528D12A262E033E002C13E4 /* Release */,
			);
			defaultConfigurationIsVisible = 0;
			defaultConfigurationName = Release;
		};
/* End XCConfigurationList section */

/* Begin XCRemoteSwiftPackageReference section */
		4BE8B72726B4798C005F9AF2 /* XCRemoteSwiftPackageReference "SSToastMessage" */ = {
			isa = XCRemoteSwiftPackageReference;
			repositoryURL = "https://github.com/SimformSolutionsPvtLtd/SSToastMessage.git";
			requirement = {
				kind = upToNextMajorVersion;
				minimumVersion = 1.0.0;
			};
		};
		4BF8D7CC268AEE1600E8799A /* XCRemoteSwiftPackageReference "bottom-sheet" */ = {
			isa = XCRemoteSwiftPackageReference;
			repositoryURL = "https://github.com/weitieda/bottom-sheet.git";
			requirement = {
				kind = upToNextMajorVersion;
				minimumVersion = 1.0.6;
			};
		};
		65BA7C91263502DF008F18BA /* XCRemoteSwiftPackageReference "ChartView" */ = {
			isa = XCRemoteSwiftPackageReference;
			repositoryURL = "https://github.com/AppPear/ChartView.git";
			requirement = {
				kind = upToNextMajorVersion;
				minimumVersion = 1.5.5;
			};
		};
/* End XCRemoteSwiftPackageReference section */

/* Begin XCSwiftPackageProductDependency section */
		4BE8B72826B4798C005F9AF2 /* SSToastMessage */ = {
			isa = XCSwiftPackageProductDependency;
			package = 4BE8B72726B4798C005F9AF2 /* XCRemoteSwiftPackageReference "SSToastMessage" */;
			productName = SSToastMessage;
		};
		4BF8D7CD268AEE1600E8799A /* BottomSheet */ = {
			isa = XCSwiftPackageProductDependency;
			package = 4BF8D7CC268AEE1600E8799A /* XCRemoteSwiftPackageReference "bottom-sheet" */;
			productName = BottomSheet;
		};
		65BA7C92263502DF008F18BA /* SwiftUICharts */ = {
			isa = XCSwiftPackageProductDependency;
			package = 65BA7C91263502DF008F18BA /* XCRemoteSwiftPackageReference "ChartView" */;
			productName = SwiftUICharts;
		};
/* End XCSwiftPackageProductDependency section */
	};
	rootObject = 6528D10C262E033D002C13E4 /* Project object */;
}
